<?xml version="1.0" encoding="utf-8"?>
<Project ToolsVersion="4.0" xmlns="http://schemas.microsoft.com/developer/msbuild/2003">
  <ItemGroup>
    <ClCompile Include="$(IntDir)DerivedSources\natives.cc" />
    <ClCompile Include="..\..\src\snapshot-empty.cc" />
  </ItemGroup>
  <ItemGroup>
    <None Include="..\..\src\apinatives.js" />
    <None Include="..\..\src\array.js" />
    <None Include="..\..\src\date.js" />
    <None Include="..\..\src\debug-debugger.js" />
    <None Include="..\..\src\json.js" />
    <None Include="..\..\src\liveedit-debugger.js" />
    <None Include="..\..\src\macros.py" />
    <None Include="..\..\src\math.js" />
    <None Include="..\..\src\messages.js" />
    <None Include="..\..\src\mirror-debugger.js" />
    <None Include="..\..\src\regexp.js" />
    <None Include="..\..\src\runtime.js" />
    <None Include="..\..\src\string.js" />
    <None Include="..\..\src\uri.js" />
  </ItemGroup>
  <ItemGroup>
    <Filter Include="js">
      <UniqueIdentifier>{f238dc37-400c-4300-8de4-94bf12ae44f2}</UniqueIdentifier>
    </Filter>
    <Filter Include="generated files">
      <UniqueIdentifier>{852ff8d9-8b24-4f18-a408-793de4bbfeec}</UniqueIdentifier>
    </Filter>
  </ItemGroup>
  <ItemGroup>
    <CustomBuild Include="..\..\src\v8natives.js" />
  </ItemGroup>
</Project>