<?xml version="1.0" encoding="utf-8"?>
<Project ToolsVersion="4.0" xmlns="http://schemas.microsoft.com/developer/msbuild/2003">
  <ItemGroup>
    <ClCompile Include="..\..\src\dtoa-config.c" />
    <ClCompile Include="..\..\src\dtoa.cc" />
    <ClCompile Include="..\..\src\fast-dtoa.cc" />
    <ClCompile Include="..\..\src\fixed-dtoa.cc" />
    <ClCompile Include="..\..\src\accessors.cc" />
    <ClCompile Include="..\..\src\allocation.cc" />
    <ClCompile Include="..\..\src\api.cc" />
    <ClCompile Include="..\..\src\assembler.cc" />
    <ClCompile Include="..\..\src\ast.cc" />
    <ClCompile Include="..\..\src\bootstrapper.cc" />
    <ClCompile Include="..\..\src\builtins.cc" />
    <ClCompile Include="..\..\src\checks.cc" />
    <ClCompile Include="..\..\src\circular-queue.cc" />
    <ClCompile Include="..\..\src\code-stubs.cc" />
    <ClCompile Include="..\..\src\codegen.cc" />
    <ClCompile Include="..\..\src\compilation-cache.cc" />
    <ClCompile Include="..\..\src\compiler.cc" />
    <ClCompile Include="..\..\src\contexts.cc" />
    <ClCompile Include="..\..\src\conversions.cc" />
    <ClCompile Include="..\..\src\counters.cc" />
    <ClCompile Include="..\..\src\cpu-profiler.cc" />
    <ClCompile Include="..\..\src\data-flow.cc" />
    <ClCompile Include="..\..\src\dateparser.cc" />
    <ClCompile Include="..\..\src\debug-agent.cc" />
    <ClCompile Include="..\..\src\debug.cc" />
    <ClCompile Include="..\..\src\disassembler.cc" />
    <ClCompile Include="..\..\src\diy-fp.cc" />
    <ClCompile Include="..\..\src\execution.cc" />
    <ClCompile Include="..\..\src\factory.cc" />
    <ClCompile Include="..\..\src\flags.cc" />
    <ClCompile Include="..\..\src\flow-graph.cc" />
    <ClCompile Include="..\..\src\frame-element.cc" />
    <ClCompile Include="..\..\src\frames.cc" />
    <ClCompile Include="..\..\src\full-codegen.cc" />
    <ClCompile Include="..\..\src\func-name-inferrer.cc" />
    <ClCompile Include="..\..\src\global-handles.cc" />
    <ClCompile Include="..\..\src\handles.cc" />
    <ClCompile Include="..\..\src\hashmap.cc" />
    <ClCompile Include="..\..\src\heap-profiler.cc" />
    <ClCompile Include="..\..\src\heap.cc" />
    <ClCompile Include="..\..\src\ic.cc" />
    <ClCompile Include="..\..\src\interpreter-irregexp.cc" />
    <ClCompile Include="..\..\src\jsregexp.cc" />
    <ClCompile Include="..\..\src\jump-target-heavy.cc" />
    <ClCompile Include="..\..\src\jump-target.cc" />
    <ClCompile Include="..\..\src\liveedit.cc" />
    <ClCompile Include="..\..\src\log-utils.cc" />
    <ClCompile Include="..\..\src\log.cc" />
    <ClCompile Include="..\..\src\mark-compact.cc" />
    <ClCompile Include="..\..\src\messages.cc" />
    <ClCompile Include="..\..\src\objects-debug.cc" />
    <ClCompile Include="..\..\src\objects.cc" />
    <ClCompile Include="..\..\src\oprofile-agent.cc" />
    <ClCompile Include="..\..\src\parser.cc" />
    <ClCompile Include="..\..\src\platform-win32.cc" />
    <ClCompile Include="..\..\src\prettyprinter.cc" />
    <ClCompile Include="..\..\src\profile-generator.cc" />
    <ClCompile Include="..\..\src\property.cc" />
    <ClCompile Include="..\..\src\regexp-macro-assembler-irregexp.cc" />
    <ClCompile Include="..\..\src\regexp-macro-assembler-tracer.cc" />
    <ClCompile Include="..\..\src\regexp-macro-assembler.cc" />
    <ClCompile Include="..\..\src\regexp-stack.cc" />
    <ClCompile Include="..\..\src\register-allocator.cc" />
    <ClCompile Include="..\..\src\rewriter.cc" />
    <ClCompile Include="..\..\src\runtime.cc" />
    <ClCompile Include="..\..\src\scanner.cc" />
    <ClCompile Include="..\..\src\scopeinfo.cc" />
    <ClCompile Include="..\..\src\scopes.cc" />
    <ClCompile Include="..\..\src\serialize.cc" />
    <ClCompile Include="..\..\src\snapshot-common.cc" />
    <ClCompile Include="..\..\src\spaces.cc" />
    <ClCompile Include="..\..\src\string-stream.cc" />
    <ClCompile Include="..\..\src\stub-cache.cc" />
    <ClCompile Include="..\..\src\token.cc" />
    <ClCompile Include="..\..\src\top.cc" />
    <ClCompile Include="..\..\src\type-info.cc" />
    <ClCompile Include="..\..\src\utils.cc" />
    <ClCompile Include="..\..\src\v8-counters.cc" />
    <ClCompile Include="..\..\src\v8.cc" />
    <ClCompile Include="..\..\src\v8threads.cc" />
    <ClCompile Include="..\..\src\variables.cc" />
    <ClCompile Include="..\..\src\version.cc" />
    <ClCompile Include="..\..\src\virtual-frame-heavy.cc" />
    <ClCompile Include="..\..\src\virtual-frame.cc" />
    <ClCompile Include="..\..\src\vm-state.cc" />
    <ClCompile Include="..\..\src\zone.cc" />
    <ClCompile Include="..\..\src\unicode.cc" />
    <ClCompile Include="..\..\src\vm\assembler-vm.cc">
      <Filter>src\vm</Filter>
    </ClCompile>
    <ClCompile Include="..\..\src\vm\builtins-vm.cc">
      <Filter>src\vm</Filter>
    </ClCompile>
    <ClCompile Include="..\..\src\vm\codegen-vm.cc">
      <Filter>src\vm</Filter>
    </ClCompile>
    <ClCompile Include="..\..\src\vm\cpu-vm.cc">
      <Filter>src\vm</Filter>
    </ClCompile>
    <ClCompile Include="..\..\src\vm\debug-vm.cc">
      <Filter>src\vm</Filter>
    </ClCompile>
    <ClCompile Include="..\..\src\vm\disasm-vm.cc">
      <Filter>src\vm</Filter>
    </ClCompile>
    <ClCompile Include="..\..\src\vm\fast-codegen-vm.cc">
      <Filter>src\vm</Filter>
    </ClCompile>
    <ClCompile Include="..\..\src\vm\frames-vm.cc">
      <Filter>src\vm</Filter>
    </ClCompile>
    <ClCompile Include="..\..\src\vm\full-codegen-vm.cc">
      <Filter>src\vm</Filter>
    </ClCompile>
    <ClCompile Include="..\..\src\vm\ic-vm.cc">
      <Filter>src\vm</Filter>
    </ClCompile>
    <ClCompile Include="..\..\src\vm\jump-target-vm.cc">
      <Filter>src\vm</Filter>
    </ClCompile>
    <ClCompile Include="..\..\src\vm\macro-assembler-vm.cc">
      <Filter>src\vm</Filter>
    </ClCompile>
    <ClCompile Include="..\..\src\vm\regexp-macro-assembler-vm.cc">
      <Filter>src\vm</Filter>
    </ClCompile>
    <ClCompile Include="..\..\src\vm\register-allocator-vm.cc">
      <Filter>src\vm</Filter>
    </ClCompile>
    <ClCompile Include="..\..\src\vm\simulator-vm.cc">
      <Filter>src\vm</Filter>
    </ClCompile>
    <ClCompile Include="..\..\src\vm\stub-cache-vm.cc">
      <Filter>src\vm</Filter>
    </ClCompile>
    <ClCompile Include="..\..\src\vm\virtual-frame-vm.cc">
      <Filter>src\vm</Filter>
    </ClCompile>
    <ClCompile Include="..\..\src\vm\interpreter-vm.cc">
      <Filter>src\vm</Filter>
    </ClCompile>
  </ItemGroup>
  <ItemGroup>
    <ClInclude Include="..\..\src\dtoa.h" />
    <ClInclude Include="..\..\src\fast-dtoa.h" />
    <ClInclude Include="..\..\src\fixed-dtoa.h" />
    <ClInclude Include="..\..\src\accessors.h" />
    <ClInclude Include="..\..\src\allocation.h" />
    <ClInclude Include="..\..\src\api.h" />
    <ClInclude Include="..\..\src\arguments.h" />
    <ClInclude Include="..\..\src\assembler.h" />
    <ClInclude Include="..\..\src\ast-inl.h" />
    <ClInclude Include="..\..\src\ast.h" />
    <ClInclude Include="..\..\src\bootstrapper.h" />
    <ClInclude Include="..\..\src\builtins.h" />
    <ClInclude Include="..\..\src\bytecodes-irregexp.h" />
    <ClInclude Include="..\..\src\cached-powers.h" />
    <ClInclude Include="..\..\src\char-predicates-inl.h" />
    <ClInclude Include="..\..\src\char-predicates.h" />
    <ClInclude Include="..\..\src\checks.h" />
    <ClInclude Include="..\..\src\circular-queue-inl.h" />
    <ClInclude Include="..\..\src\circular-queue.h" />
    <ClInclude Include="..\..\src\code-stubs.h" />
    <ClInclude Include="..\..\src\code.h" />
    <ClInclude Include="..\..\src\codegen-inl.h" />
    <ClInclude Include="..\..\src\codegen.h" />
    <ClInclude Include="..\..\src\compilation-cache.h" />
    <ClInclude Include="..\..\src\compiler.h" />
    <ClInclude Include="..\..\src\contexts.h" />
    <ClInclude Include="..\..\src\conversions-inl.h" />
    <ClInclude Include="..\..\src\conversions.h" />
    <ClInclude Include="..\..\src\counters.h" />
    <ClInclude Include="..\..\src\cpu-profiler-inl.h" />
    <ClInclude Include="..\..\src\cpu-profiler.h" />
    <ClInclude Include="..\..\src\cpu.h" />
    <ClInclude Include="..\..\src\data-flow.h" />
    <ClInclude Include="..\..\src\dateparser.h" />
    <ClInclude Include="..\..\src\debug-agent.h" />
    <ClInclude Include="..\..\src\debug.h" />
    <ClInclude Include="..\..\src\disassembler.h" />
    <ClInclude Include="..\..\src\diy-fp.h" />
    <ClInclude Include="..\..\src\double.h" />
    <ClInclude Include="..\..\src\execution.h" />
    <ClInclude Include="..\..\src\factory.h" />
    <ClInclude Include="..\..\src\fast-codegen.h" />
    <ClInclude Include="..\..\src\flags.h" />
    <ClInclude Include="..\..\src\flow-graph.h" />
    <ClInclude Include="..\..\src\frame-element.h" />
    <ClInclude Include="..\..\src\frames-inl.h" />
    <ClInclude Include="..\..\src\frames.h" />
    <ClInclude Include="..\..\src\full-codegen.h" />
    <ClInclude Include="..\..\src\func-name-inferrer.h" />
    <ClInclude Include="..\..\src\global-handles.h" />
    <ClInclude Include="..\..\src\globals.h" />
    <ClInclude Include="..\..\src\handles-inl.h" />
    <ClInclude Include="..\..\src\handles.h" />
    <ClInclude Include="..\..\src\hashmap.h" />
    <ClInclude Include="..\..\src\heap-inl.h" />
    <ClInclude Include="..\..\src\heap-profiler.h" />
    <ClInclude Include="..\..\src\heap.h" />
    <ClInclude Include="..\..\src\ic-inl.h" />
    <ClInclude Include="..\..\src\ic.h" />
    <ClInclude Include="..\..\src\interceptors.h" />
    <ClInclude Include="..\..\src\interpreter-irregexp.h" />
    <ClInclude Include="..\..\src\jsregexp.h" />
    <ClInclude Include="..\..\src\jump-target-heavy-inl.h" />
    <ClInclude Include="..\..\src\jump-target-heavy.h" />
    <ClInclude Include="..\..\src\jump-target-inl.h" />
    <ClInclude Include="..\..\src\jump-target.h" />
    <ClInclude Include="..\..\src\list-inl.h" />
    <ClInclude Include="..\..\src\list.h" />
    <ClInclude Include="..\..\src\liveedit.h" />
    <ClInclude Include="..\..\src\log-inl.h" />
    <ClInclude Include="..\..\src\log-utils.h" />
    <ClInclude Include="..\..\src\log.h" />
    <ClInclude Include="..\..\src\macro-assembler.h" />
    <ClInclude Include="..\..\src\mark-compact.h" />
    <ClInclude Include="..\..\src\memory.h" />
    <ClInclude Include="..\..\src\messages.h" />
    <ClInclude Include="..\..\src\natives.h" />
    <ClInclude Include="..\..\src\objects-inl.h" />
    <ClInclude Include="..\..\src\objects.h" />
    <ClInclude Include="..\..\src\oprofile-agent.h" />
    <ClInclude Include="..\..\src\parser.h" />
    <ClInclude Include="..\..\src\platform.h" />
    <ClInclude Include="..\..\src\prettyprinter.h" />
    <ClInclude Include="..\..\src\profile-generator-inl.h" />
    <ClInclude Include="..\..\src\profile-generator.h" />
    <ClInclude Include="..\..\src\property.h" />
    <ClInclude Include="..\..\src\regexp-macro-assembler-irregexp-inl.h" />
    <ClInclude Include="..\..\src\regexp-macro-assembler-irregexp.h" />
    <ClInclude Include="..\..\src\regexp-macro-assembler-tracer.h" />
    <ClInclude Include="..\..\src\regexp-macro-assembler.h" />
    <ClInclude Include="..\..\src\regexp-stack.h" />
    <ClInclude Include="..\..\src\register-allocator.h" />
    <ClInclude Include="..\..\src\rewriter.h" />
    <ClInclude Include="..\..\src\runtime.h" />
    <ClInclude Include="..\..\src\scanner.h" />
    <ClInclude Include="..\..\src\scopeinfo.h" />
    <ClInclude Include="..\..\src\scopes.h" />
    <ClInclude Include="..\..\src\serialize.h" />
    <ClInclude Include="..\..\src\shell.h" />
    <ClInclude Include="..\..\src\snapshot.h" />
    <ClInclude Include="..\..\src\spaces-inl.h" />
    <ClInclude Include="..\..\src\spaces.h" />
    <ClInclude Include="..\..\src\string-stream.h" />
    <ClInclude Include="..\..\src\stub-cache.h" />
    <ClInclude Include="..\..\src\token.h" />
    <ClInclude Include="..\..\src\top.h" />
    <ClInclude Include="..\..\src\type-info.h" />
    <ClInclude Include="..\..\src\unbound-queue-inl.h" />
    <ClInclude Include="..\..\src\unbound-queue.h" />
    <ClInclude Include="..\..\src\unicode-inl.h" />
    <ClInclude Include="..\..\src\unicode.h" />
    <ClInclude Include="..\..\src\utils.h" />
    <ClInclude Include="..\..\src\v8-counters.h" />
    <ClInclude Include="..\..\src\v8.h" />
    <ClInclude Include="..\..\src\v8threads.h" />
    <ClInclude Include="..\..\src\variables.h" />
    <ClInclude Include="..\..\src\version.h" />
    <ClInclude Include="..\..\src\virtual-frame-heavy-inl.h" />
    <ClInclude Include="..\..\src\virtual-frame-inl.h" />
    <ClInclude Include="..\..\src\virtual-frame.h" />
    <ClInclude Include="..\..\src\vm-state-inl.h" />
    <ClInclude Include="..\..\src\vm-state.h" />
    <ClInclude Include="..\..\src\zone-inl.h" />
    <ClInclude Include="..\..\src\zone.h" />
    <ClInclude Include="..\..\src\disasm.h" />
    <ClInclude Include="..\..\include\v8-debug.h" />
    <ClInclude Include="..\..\include\v8-profiler.h" />
    <ClInclude Include="..\..\include\v8.h" />
    <ClInclude Include="..\..\src\vm\assembler-vm-inl.h">
      <Filter>src\vm</Filter>
    </ClInclude>
    <ClInclude Include="..\..\src\vm\assembler-vm.h">
      <Filter>src\vm</Filter>
    </ClInclude>
    <ClInclude Include="..\..\src\vm\codegen-vm-inl.h">
      <Filter>src\vm</Filter>
    </ClInclude>
    <ClInclude Include="..\..\src\vm\codegen-vm.h">
      <Filter>src\vm</Filter>
    </ClInclude>
    <ClInclude Include="..\..\src\vm\fast-codegen-vm.h">
      <Filter>src\vm</Filter>
    </ClInclude>
    <ClInclude Include="..\..\src\vm\frames-vm.h">
      <Filter>src\vm</Filter>
    </ClInclude>
    <ClInclude Include="..\..\src\vm\macro-assembler-vm.h">
      <Filter>src\vm</Filter>
    </ClInclude>
    <ClInclude Include="..\..\src\vm\regexp-macro-assembler-vm.h">
      <Filter>src\vm</Filter>
    </ClInclude>
    <ClInclude Include="..\..\src\vm\register-allocator-vm-inl.h">
      <Filter>src\vm</Filter>
    </ClInclude>
    <ClInclude Include="..\..\src\vm\register-allocator-vm.h">
      <Filter>src\vm</Filter>
    </ClInclude>
    <ClInclude Include="..\..\src\vm\simulator-vm.h">
      <Filter>src\vm</Filter>
    </ClInclude>
    <ClInclude Include="..\..\src\vm\virtual-frame-vm.h">
      <Filter>src\vm</Filter>
    </ClInclude>
    <ClInclude Include="..\..\src\vm\interpreter-vm.h">
      <Filter>src\vm</Filter>
    </ClInclude>
  </ItemGroup>
  <ItemGroup>
    <Filter Include="dtoa">
      <UniqueIdentifier>{51671859-52d2-4d2d-9726-90bfbe345e12}</UniqueIdentifier>
    </Filter>
    <Filter Include="src">
      <UniqueIdentifier>{66f8bc12-6302-4868-903d-7bef33846d73}</UniqueIdentifier>
    </Filter>
    <Filter Include="src\third party">
      <UniqueIdentifier>{2841d85a-f73c-4bf9-b15b-449dae63a761}</UniqueIdentifier>
    </Filter>
    <Filter Include="src\generated files">
      <UniqueIdentifier>{90ffeb26-3f93-4710-9523-552b1cb7231d}</UniqueIdentifier>
    </Filter>
    <Filter Include="src\vm">
      <UniqueIdentifier>{975158f7-a7f8-4159-8b45-83ac6585cc75}</UniqueIdentifier>
    </Filter>
    <Filter Include="include">
      <UniqueIdentifier>{4b2e4946-b2b3-45a2-88d4-702b27b06437}</UniqueIdentifier>
    </Filter>
  </ItemGroup>
</Project>